
Microsoft Visual Studio Solution File, Format Version 12.00
# Visual Studio Version 17
VisualStudioVersion = 17.10.35013.160
MinimumVisualStudioVersion = 10.0.40219.1
Project("{9A19103F-16F7-4668-BE54-9A1E7A4F7556}") = "plusbigint", "plusbigint.csproj", "{481DACED-BDF6-463F-A05C-C5C5FACE3C99}"
EndProject
Global
	GlobalSection(SolutionConfigurationPlatforms) = preSolution
		Debug|Any CPU = Debug|Any CPU
		Release|Any CPU = Release|Any CPU
	EndGlobalSection
	GlobalSection(ProjectConfigurationPlatforms) = postSolution
		{481DACED-BDF6-463F-A05C-C5C5FACE3C99}.Debug|Any CPU.ActiveCfg = Debug|Any CPU
		{481DACED-BDF6-463F-A05C-C5C5FACE3C99}.Debug|Any CPU.Build.0 = Debug|Any CPU
		{481DACED-BDF6-463F-A05C-C5C5FACE3C99}.Release|Any CPU.ActiveCfg = Release|Any CPU
		{481DACED-BDF6-463F-A05C-C5C5FACE3C99}.Release|Any CPU.Build.0 = Release|Any CPU
	EndGlobalSection
	GlobalSection(SolutionProperties) = preSolution
		HideSolutionNode = FALSE
	EndGlobalSection
	GlobalSection(ExtensibilityGlobals) = postSolution
		SolutionGuid = {F9107698-66B1-4D22-866B-270F75FB45E9}
	EndGlobalSection
EndGlobal
